github.com/go-sql-driver/mysql v1.6.0/go.mod h1:DCzpHaOWr8IXmIStZouvnhqoel9Qv2LBy8hT2VhHyBg=
github.com/lr2021/recruit-backend v0.0.0-20210816030625-0e2e0838d5b0 h1:47DEQpj8HBSa+/TImW+5JCeuQeRkm5NMpJWZG3hSuFU=
github.com/lr2021/recruit-backend/general v0.0.0-20210816030625-0e2e0838d5b0 h1:+ztfruYlTSKilfs+MH4cw3TXOw9YhhhOBHJ1RF9KDkQ=
github.com/lr2021/recruit-backend/general v0.0.0-20210816030625-0e2e0838d5b0/go.mod h1:YzFxzQHJnU6d/x1MU8rG6aQrsUHUZqRb8PJpwhLW+Lc=
