github.com/go-kit/kit v0.8.0 h1:Wz+5lgoB0kkuqLEc6NVmwRknTKP6dTGbSqvhZtBI/j0=
github.com/go-kit/kit v0.8.0/go.mod h1:xBxKIO96dXMWWy0MnWVtmwkA9/13aqxPnvrjFYMA2as=
github.com/go-logfmt/logfmt v0.5.0 h1:TrB8swr/68K7m9CcGut2g3UOihhbcbiMAYiuTXdEih4=
github.com/go-logfmt/logfmt v0.5.0/go.mod h1:wCYkCAKZfumFQihp8CzCvQ3paCTfi41vtzG1KdI/P7A=
github.com/go-sql-driver/mysql v1.6.0/go.mod h1:DCzpHaOWr8IXmIStZouvnhqoel9Qv2LBy8hT2VhHyBg=
github.com/go-stack/stack v1.8.0 h1:5SgMzNM5HxrEjV0ww2lTmX6E2Izsfxas4+YHWRs3Lsk=
github.com/go-stack/stack v1.8.0/go.mod h1:v0f6uXyyMGvRgIKkXu+yp6POWl0qKG85gN/melR3HDY=
github.com/gorilla/mux v1.8.0 h1:i40aqfkR1h2SlN9hojwV5ZA91wcXFOvkdNIeFDP5koI=
github.com/gorilla/mux v1.8.0/go.mod h1:DVbg23sWSpFRCP0SfiEN6jmj59UnW/n46BH5rLB71So=
github.com/lr2021/recruit-backend/auth v0.0.0-20210816082345-8c9d3509c4cb h1:jSedctiGkk/n1rjOIgIiQhueVMxw0gOJK87v3NnfTow=
github.com/lr2021/recruit-backend/auth v0.0.0-20210816082345-8c9d3509c4cb/go.mod h1:rIB1tCtLMnkPQoCsBMvn4nZlHimp+d2xoKUm8/EOYvM=
github.com/lr2021/recruit-backend/general v0.0.0-20210816030625-0e2e0838d5b0/go.mod h1:YzFxzQHJnU6d/x1MU8rG6aQrsUHUZqRb8PJpwhLW+Lc=
github.com/lr2021/recruit-backend/general v0.0.0-20210816082345-8c9d3509c4cb h1:apAuVnYboe0IsbVy+LNEjGQSGCZ9P9E/q5EtShCdGHE=
github.com/lr2021/recruit-backend/general v0.0.0-20210816082345-8c9d3509c4cb/go.mod h1:YzFxzQHJnU6d/x1MU8rG6aQrsUHUZqRb8PJpwhLW+Lc=
github.com/lr2021/recruit-backend/utils v0.0.0-20210816030625-0e2e0838d5b0 h1:24+/YiMC3b6UtNod0J/4anZUEW5cGpSIYpllbIOdrS4=
github.com/lr2021/recruit-backend/utils v0.0.0-20210816030625-0e2e0838d5b0/go.mod h1:fJC76xFVugrqc/i/J1Sh2EDyU3jJDT7KT+K99EdDmbM=
